
Microsoft Visual Studio Solution File, Format Version 12.00
# Visual Studio 15
VisualStudioVersion = 15.0.28307.438
MinimumVisualStudioVersion = 10.0.40219.1
Project("{FAE04EC0-301F-11D3-BF4B-00C04F79EFBC}") = "FieldGameTask", "FieldGameTask\FieldGameTask.csproj", "{BF72BE66-B889-405A-B944-9C8129A01466}"
EndProject
Global
	GlobalSection(SolutionConfigurationPlatforms) = preSolution
		Debug|Any CPU = Debug|Any CPU
		Release|Any CPU = Release|Any CPU
	EndGlobalSection
	GlobalSection(ProjectConfigurationPlatforms) = postSolution
		{BF72BE66-B889-405A-B944-9C8129A01466}.Debug|Any CPU.ActiveCfg = Debug|Any CPU
		{BF72BE66-B889-405A-B944-9C8129A01466}.Debug|Any CPU.Build.0 = Debug|Any CPU
		{BF72BE66-B889-405A-B944-9C8129A01466}.Release|Any CPU.ActiveCfg = Release|Any CPU
		{BF72BE66-B889-405A-B944-9C8129A01466}.Release|Any CPU.Build.0 = Release|Any CPU
	EndGlobalSection
	GlobalSection(SolutionProperties) = preSolution
		HideSolutionNode = FALSE
	EndGlobalSection
	GlobalSection(ExtensibilityGlobals) = postSolution
		SolutionGuid = {739E258B-F86B-4FFA-9E04-2CB499E99263}
	EndGlobalSection
EndGlobal
